
Microsoft Visual Studio Solution File, Format Version 12.00
# Visual Studio Version 17
VisualStudioVersion = 17.10.35122.118
MinimumVisualStudioVersion = 10.0.40219.1
Project("{FAE04EC0-301F-11D3-BF4B-00C04F79EFBC}") = "SchoolManagement.Domain", "SchoolManagement.Domain\SchoolManagement.Domain.csproj", "{928EC8AF-08BF-4EB0-B187-EB423C35CEC4}"
EndProject
Project("{FAE04EC0-301F-11D3-BF4B-00C04F79EFBC}") = "SchoolManagement.Infrastructure", "SchoolManagement.Infrastructure\SchoolManagement.Infrastructure.csproj", "{CF29787E-9630-4B58-808A-EF39985CDA32}"
EndProject
Project("{FAE04EC0-301F-11D3-BF4B-00C04F79EFBC}") = "SchoolManagement.Application", "SchoolManagement.Application\SchoolManagement.Application.csproj", "{5090E524-487C-4EAC-A1BB-7E47F3AB9070}"
EndProject
Project("{FAE04EC0-301F-11D3-BF4B-00C04F79EFBC}") = "SchoolManagement.Api", "SchoolManagement.Api\SchoolManagement.Api.csproj", "{EAD929D6-DEDE-4F7F-A4C2-8EB985C2DF64}"
EndProject
Global
	GlobalSection(SolutionConfigurationPlatforms) = preSolution
		Debug|Any CPU = Debug|Any CPU
		Release|Any CPU = Release|Any CPU
	EndGlobalSection
	GlobalSection(ProjectConfigurationPlatforms) = postSolution
		{928EC8AF-08BF-4EB0-B187-EB423C35CEC4}.Debug|Any CPU.ActiveCfg = Debug|Any CPU
		{928EC8AF-08BF-4EB0-B187-EB423C35CEC4}.Debug|Any CPU.Build.0 = Debug|Any CPU
		{928EC8AF-08BF-4EB0-B187-EB423C35CEC4}.Release|Any CPU.ActiveCfg = Release|Any CPU
		{928EC8AF-08BF-4EB0-B187-EB423C35CEC4}.Release|Any CPU.Build.0 = Release|Any CPU
		{CF29787E-9630-4B58-808A-EF39985CDA32}.Debug|Any CPU.ActiveCfg = Debug|Any CPU
		{CF29787E-9630-4B58-808A-EF39985CDA32}.Debug|Any CPU.Build.0 = Debug|Any CPU
		{CF29787E-9630-4B58-808A-EF39985CDA32}.Release|Any CPU.ActiveCfg = Release|Any CPU
		{CF29787E-9630-4B58-808A-EF39985CDA32}.Release|Any CPU.Build.0 = Release|Any CPU
		{5090E524-487C-4EAC-A1BB-7E47F3AB9070}.Debug|Any CPU.ActiveCfg = Debug|Any CPU
		{5090E524-487C-4EAC-A1BB-7E47F3AB9070}.Debug|Any CPU.Build.0 = Debug|Any CPU
		{5090E524-487C-4EAC-A1BB-7E47F3AB9070}.Release|Any CPU.ActiveCfg = Release|Any CPU
		{5090E524-487C-4EAC-A1BB-7E47F3AB9070}.Release|Any CPU.Build.0 = Release|Any CPU
		{EAD929D6-DEDE-4F7F-A4C2-8EB985C2DF64}.Debug|Any CPU.ActiveCfg = Debug|Any CPU
		{EAD929D6-DEDE-4F7F-A4C2-8EB985C2DF64}.Debug|Any CPU.Build.0 = Debug|Any CPU
		{EAD929D6-DEDE-4F7F-A4C2-8EB985C2DF64}.Release|Any CPU.ActiveCfg = Release|Any CPU
		{EAD929D6-DEDE-4F7F-A4C2-8EB985C2DF64}.Release|Any CPU.Build.0 = Release|Any CPU
	EndGlobalSection
	GlobalSection(SolutionProperties) = preSolution
		HideSolutionNode = FALSE
	EndGlobalSection
	GlobalSection(ExtensibilityGlobals) = postSolution
		SolutionGuid = {5AC4CAF3-FB32-4B42-B4F1-192AA7232982}
	EndGlobalSection
EndGlobal
